// !$*UTF8*$!
{
	archiveVersion = 1;
	classes = {
	};
	objectVersion = 56;
	objects = {

/* Begin PBXBuildFile section */
		A001000000000000000000A1 /* SmartCrabApp.swift in Sources */ = {isa = PBXBuildFile; fileRef = B001000000000000000000A1 /* SmartCrabApp.swift */; };
		A001000000000000000000A2 /* AppRoot.swift in Sources */ = {isa = PBXBuildFile; fileRef = B001000000000000000000A2 /* AppRoot.swift */; };
		A001000000000000000000A3 /* RPCTypes.swift in Sources */ = {isa = PBXBuildFile; fileRef = B001000000000000000000A3 /* RPCTypes.swift */; };
		A001000000000000000000A4 /* BunServiceProtocol.swift in Sources */ = {isa = PBXBuildFile; fileRef = B001000000000000000000A4 /* BunServiceProtocol.swift */; };
		A001000000000000000000A5 /* BunServiceMacOS.swift in Sources */ = {isa = PBXBuildFile; fileRef = B001000000000000000000A5 /* BunServiceMacOS.swift */; };
		A001000000000000000000A6 /* BunServiceMock.swift in Sources */ = {isa = PBXBuildFile; fileRef = B001000000000000000000A6 /* BunServiceMock.swift */; };
		A001000000000000000000AD /* KeychainStore.swift in Sources */ = {isa = PBXBuildFile; fileRef = B001000000000000000000AD /* KeychainStore.swift */; };
		A001000000000000000000A7 /* Assets.xcassets in Resources */ = {isa = PBXBuildFile; fileRef = B001000000000000000000A7 /* Assets.xcassets */; };
		A001000000000000000000A8 /* smartcrab-service in Resources */ = {isa = PBXBuildFile; fileRef = B001000000000000000000A8 /* smartcrab-service */; };
		A001000000000000000000B1 /* SmartCrabApp.swift in Sources */ = {isa = PBXBuildFile; fileRef = B001000000000000000000A1 /* SmartCrabApp.swift */; };
		A001000000000000000000B2 /* AppRoot.swift in Sources */ = {isa = PBXBuildFile; fileRef = B001000000000000000000A2 /* AppRoot.swift */; };
		A001000000000000000000B3 /* RPCTypes.swift in Sources */ = {isa = PBXBuildFile; fileRef = B001000000000000000000A3 /* RPCTypes.swift */; };
		A001000000000000000000B4 /* BunServiceProtocol.swift in Sources */ = {isa = PBXBuildFile; fileRef = B001000000000000000000A4 /* BunServiceProtocol.swift */; };
		A001000000000000000000B5 /* BunServiceMacOS.swift in Sources */ = {isa = PBXBuildFile; fileRef = B001000000000000000000A5 /* BunServiceMacOS.swift */; };
		A001000000000000000000B6 /* BunServiceMock.swift in Sources */ = {isa = PBXBuildFile; fileRef = B001000000000000000000A6 /* BunServiceMock.swift */; };
		A001000000000000000000BD /* KeychainStore.swift in Sources */ = {isa = PBXBuildFile; fileRef = B001000000000000000000AD /* KeychainStore.swift */; };
		A001000000000000000000B7 /* Assets.xcassets in Resources */ = {isa = PBXBuildFile; fileRef = B001000000000000000000A7 /* Assets.xcassets */; };
		A001000000000000000000C1 /* Chat in Resources */ = {isa = PBXBuildFile; fileRef = B001000000000000000000C1 /* Chat */; };
		A001000000000000000000C2 /* Settings in Resources */ = {isa = PBXBuildFile; fileRef = B001000000000000000000C2 /* Settings */; };
		A001000000000000000000C3 /* Pipelines in Resources */ = {isa = PBXBuildFile; fileRef = B001000000000000000000C3 /* Pipelines */; };
		A001000000000000000000C4 /* Cron in Resources */ = {isa = PBXBuildFile; fileRef = B001000000000000000000C4 /* Cron */; };
		A001000000000000000000C5 /* Skills in Resources */ = {isa = PBXBuildFile; fileRef = B001000000000000000000C5 /* Skills */; };
		A001000000000000000000C6 /* History in Resources */ = {isa = PBXBuildFile; fileRef = B001000000000000000000C6 /* History */; };
		A001000000000000000000D1 /* Chat in Resources */ = {isa = PBXBuildFile; fileRef = B001000000000000000000C1 /* Chat */; };
		A001000000000000000000D2 /* Settings in Resources */ = {isa = PBXBuildFile; fileRef = B001000000000000000000C2 /* Settings */; };
		A001000000000000000000D3 /* Pipelines in Resources */ = {isa = PBXBuildFile; fileRef = B001000000000000000000C3 /* Pipelines */; };
		A001000000000000000000D4 /* Cron in Resources */ = {isa = PBXBuildFile; fileRef = B001000000000000000000C4 /* Cron */; };
		A001000000000000000000D5 /* Skills in Resources */ = {isa = PBXBuildFile; fileRef = B001000000000000000000C5 /* Skills */; };
		A001000000000000000000D6 /* History in Resources */ = {isa = PBXBuildFile; fileRef = B001000000000000000000C6 /* History */; };
		880FF8FFF954727BA59E3F7C /* ChatBubbleRow.swift in Sources */ = {isa = PBXBuildFile; fileRef = 00D4C2CA2D3D5B75C369E131 /* ChatBubbleRow.swift */; };
		4518F522269DA11BB9ACEBD6 /* ChatComposer.swift in Sources */ = {isa = PBXBuildFile; fileRef = 95C3502A82A1D41C65C8D7B3 /* ChatComposer.swift */; };
		0D56FC0661BF25DC69D6C32B /* ChatView.swift in Sources */ = {isa = PBXBuildFile; fileRef = EAB26D8BAA01FBE6FC91E4FC /* ChatView.swift */; };
		E7242A9E2F6E280399402514 /* AdapterSettings.swift in Sources */ = {isa = PBXBuildFile; fileRef = A9232435CD366F4DEED049AB /* AdapterSettings.swift */; };
		76AF64080A5CA55D05C3211D /* SeherConfigEditor.swift in Sources */ = {isa = PBXBuildFile; fileRef = 628A33F36716E3360006808C /* SeherConfigEditor.swift */; };
		2D7A767A28FF7A7F0EF8A168 /* SettingsView.swift in Sources */ = {isa = PBXBuildFile; fileRef = 4CA7130C2605DFC6A7EF260D /* SettingsView.swift */; };
		F85189E0342274F66D075679 /* EdgeShape.swift in Sources */ = {isa = PBXBuildFile; fileRef = AAA180D2A8D18BF2C0BD2CB2 /* EdgeShape.swift */; };
		2D53007C3CBD8FA05947F981 /* NodeView.swift in Sources */ = {isa = PBXBuildFile; fileRef = 69FF220B4BFC3F8A29D5644F /* NodeView.swift */; };
		3F47BA54D5BB9807509E3438 /* PipelineEditorView.swift in Sources */ = {isa = PBXBuildFile; fileRef = 92521E7A43A0E386ED4E5B0F /* PipelineEditorView.swift */; };
		A686CAC3A98562C295D9EF28 /* PipelineGraphModel.swift in Sources */ = {isa = PBXBuildFile; fileRef = 77913F0D6640FDAFBAC33005 /* PipelineGraphModel.swift */; };
		214D14AD917B12B2815643B5 /* PipelineListView.swift in Sources */ = {isa = PBXBuildFile; fileRef = 014AA9CA46D73C784A08EBD7 /* PipelineListView.swift */; };
		3968A27223BA298386D23A70 /* YAMLBridge.swift in Sources */ = {isa = PBXBuildFile; fileRef = 3C8F1FAF56935F1FA8FF8A5D /* YAMLBridge.swift */; };
		6C541B7433B25626F7E1AF41 /* CronEditView.swift in Sources */ = {isa = PBXBuildFile; fileRef = 7CA62B3BFF34E28A47A07C4F /* CronEditView.swift */; };
		32CE944E643AEDD878A50312 /* CronListView.swift in Sources */ = {isa = PBXBuildFile; fileRef = 3D08CB3290131889AAC0F0E8 /* CronListView.swift */; };
		EC95BC334E7020D004126168 /* SkillsView.swift in Sources */ = {isa = PBXBuildFile; fileRef = 5F765B20DB5CA7F98606F41E /* SkillsView.swift */; };
		5C5244A04EC4D635D29A319D /* ExecutionHistoryView.swift in Sources */ = {isa = PBXBuildFile; fileRef = 1557E9C0F2439777FC634982 /* ExecutionHistoryView.swift */; };
		34C591AF84AA3749602251C2 /* ExecutionLogView.swift in Sources */ = {isa = PBXBuildFile; fileRef = 9D7124235066B6F7D5FD83CC /* ExecutionLogView.swift */; };
		65E65DD7657E483F9CE23049 /* ChatBubbleRow.swift in Sources */ = {isa = PBXBuildFile; fileRef = 00D4C2CA2D3D5B75C369E131 /* ChatBubbleRow.swift */; };
		F4EA1587A3E1E12617264A24 /* ChatComposer.swift in Sources */ = {isa = PBXBuildFile; fileRef = 95C3502A82A1D41C65C8D7B3 /* ChatComposer.swift */; };
		C85DAB5003C707B552B3B3EF /* ChatView.swift in Sources */ = {isa = PBXBuildFile; fileRef = EAB26D8BAA01FBE6FC91E4FC /* ChatView.swift */; };
		819EBEB32596E9D4A26C1839 /* AdapterSettings.swift in Sources */ = {isa = PBXBuildFile; fileRef = A9232435CD366F4DEED049AB /* AdapterSettings.swift */; };
		2462B30858F18D79F2C34386 /* SeherConfigEditor.swift in Sources */ = {isa = PBXBuildFile; fileRef = 628A33F36716E3360006808C /* SeherConfigEditor.swift */; };
		58602C0C51859DF7DA1AAC42 /* SettingsView.swift in Sources */ = {isa = PBXBuildFile; fileRef = 4CA7130C2605DFC6A7EF260D /* SettingsView.swift */; };
		CD2A78E0F922845A2F4C5574 /* EdgeShape.swift in Sources */ = {isa = PBXBuildFile; fileRef = AAA180D2A8D18BF2C0BD2CB2 /* EdgeShape.swift */; };
		E8BD0C3774FF2D6A4CE88ACC /* NodeView.swift in Sources */ = {isa = PBXBuildFile; fileRef = 69FF220B4BFC3F8A29D5644F /* NodeView.swift */; };
		98D93A753DBF5C114579C170 /* PipelineEditorView.swift in Sources */ = {isa = PBXBuildFile; fileRef = 92521E7A43A0E386ED4E5B0F /* PipelineEditorView.swift */; };
		A5EF8FF9F0845E93D1DAE64C /* PipelineGraphModel.swift in Sources */ = {isa = PBXBuildFile; fileRef = 77913F0D6640FDAFBAC33005 /* PipelineGraphModel.swift */; };
		D7C63EAEBFC38110ECF74364 /* PipelineListView.swift in Sources */ = {isa = PBXBuildFile; fileRef = 014AA9CA46D73C784A08EBD7 /* PipelineListView.swift */; };
		E7988210D8C109545ED3389B /* YAMLBridge.swift in Sources */ = {isa = PBXBuildFile; fileRef = 3C8F1FAF56935F1FA8FF8A5D /* YAMLBridge.swift */; };
		BDDC004869A7A6D81D997064 /* CronEditView.swift in Sources */ = {isa = PBXBuildFile; fileRef = 7CA62B3BFF34E28A47A07C4F /* CronEditView.swift */; };
		25F6E2DF372BDBB0D5417892 /* CronListView.swift in Sources */ = {isa = PBXBuildFile; fileRef = 3D08CB3290131889AAC0F0E8 /* CronListView.swift */; };
		B0B931C7291E83A64E4F2A46 /* SkillsView.swift in Sources */ = {isa = PBXBuildFile; fileRef = 5F765B20DB5CA7F98606F41E /* SkillsView.swift */; };
		6E86DFDDC704F5A830A2434C /* ExecutionHistoryView.swift in Sources */ = {isa = PBXBuildFile; fileRef = 1557E9C0F2439777FC634982 /* ExecutionHistoryView.swift */; };
		A84C11CC29FFB5EF8C10CFF3 /* ExecutionLogView.swift in Sources */ = {isa = PBXBuildFile; fileRef = 9D7124235066B6F7D5FD83CC /* ExecutionLogView.swift */; };
/* End PBXBuildFile section */

/* Begin PBXFileReference section */
		B001000000000000000000A1 /* SmartCrabApp.swift */ = {isa = PBXFileReference; lastKnownFileType = sourcecode.swift; path = SmartCrabApp.swift; sourceTree = "<group>"; };
		B001000000000000000000A2 /* AppRoot.swift */ = {isa = PBXFileReference; lastKnownFileType = sourcecode.swift; path = AppRoot.swift; sourceTree = "<group>"; };
		B001000000000000000000A3 /* RPCTypes.swift */ = {isa = PBXFileReference; lastKnownFileType = sourcecode.swift; path = RPCTypes.swift; sourceTree = "<group>"; };
		B001000000000000000000A4 /* BunServiceProtocol.swift */ = {isa = PBXFileReference; lastKnownFileType = sourcecode.swift; path = BunServiceProtocol.swift; sourceTree = "<group>"; };
		B001000000000000000000A5 /* BunServiceMacOS.swift */ = {isa = PBXFileReference; lastKnownFileType = sourcecode.swift; path = BunServiceMacOS.swift; sourceTree = "<group>"; };
		B001000000000000000000A6 /* BunServiceMock.swift */ = {isa = PBXFileReference; lastKnownFileType = sourcecode.swift; path = BunServiceMock.swift; sourceTree = "<group>"; };
		B001000000000000000000AD /* KeychainStore.swift */ = {isa = PBXFileReference; lastKnownFileType = sourcecode.swift; path = KeychainStore.swift; sourceTree = "<group>"; };
		B001000000000000000000A7 /* Assets.xcassets */ = {isa = PBXFileReference; lastKnownFileType = folder.assetcatalog; path = Assets.xcassets; sourceTree = "<group>"; };
		B001000000000000000000A8 /* smartcrab-service */ = {isa = PBXFileReference; lastKnownFileType = text; path = "smartcrab-service"; sourceTree = "<group>"; };
		B001000000000000000000A9 /* Info.plist */ = {isa = PBXFileReference; lastKnownFileType = text.plist.xml; path = Info.plist; sourceTree = "<group>"; };
		B001000000000000000000AA /* SmartCrab.entitlements */ = {isa = PBXFileReference; lastKnownFileType = text.plist.entitlements; path = SmartCrab.entitlements; sourceTree = "<group>"; };
		B001000000000000000000AB /* Preview-Info.plist */ = {isa = PBXFileReference; lastKnownFileType = text.plist.xml; path = "Preview-Info.plist"; sourceTree = "<group>"; };
		B001000000000000000000AC /* Preview.entitlements */ = {isa = PBXFileReference; lastKnownFileType = text.plist.entitlements; path = Preview.entitlements; sourceTree = "<group>"; };
		E001000000000000000000A1 /* SmartCrab.app */ = {isa = PBXFileReference; explicitFileType = wrapper.application; includeInIndex = 0; path = SmartCrab.app; sourceTree = BUILT_PRODUCTS_DIR; };
		E001000000000000000000A2 /* SmartCrabPreview.app */ = {isa = PBXFileReference; explicitFileType = wrapper.application; includeInIndex = 0; path = SmartCrabPreview.app; sourceTree = BUILT_PRODUCTS_DIR; };
		00D4C2CA2D3D5B75C369E131 /* ChatBubbleRow.swift */ = {isa = PBXFileReference; lastKnownFileType = sourcecode.swift; path = ChatBubbleRow.swift; sourceTree = "<group>"; };
		95C3502A82A1D41C65C8D7B3 /* ChatComposer.swift */ = {isa = PBXFileReference; lastKnownFileType = sourcecode.swift; path = ChatComposer.swift; sourceTree = "<group>"; };
		EAB26D8BAA01FBE6FC91E4FC /* ChatView.swift */ = {isa = PBXFileReference; lastKnownFileType = sourcecode.swift; path = ChatView.swift; sourceTree = "<group>"; };
		A9232435CD366F4DEED049AB /* AdapterSettings.swift */ = {isa = PBXFileReference; lastKnownFileType = sourcecode.swift; path = AdapterSettings.swift; sourceTree = "<group>"; };
		628A33F36716E3360006808C /* SeherConfigEditor.swift */ = {isa = PBXFileReference; lastKnownFileType = sourcecode.swift; path = SeherConfigEditor.swift; sourceTree = "<group>"; };
		4CA7130C2605DFC6A7EF260D /* SettingsView.swift */ = {isa = PBXFileReference; lastKnownFileType = sourcecode.swift; path = SettingsView.swift; sourceTree = "<group>"; };
		AAA180D2A8D18BF2C0BD2CB2 /* EdgeShape.swift */ = {isa = PBXFileReference; lastKnownFileType = sourcecode.swift; path = EdgeShape.swift; sourceTree = "<group>"; };
		69FF220B4BFC3F8A29D5644F /* NodeView.swift */ = {isa = PBXFileReference; lastKnownFileType = sourcecode.swift; path = NodeView.swift; sourceTree = "<group>"; };
		92521E7A43A0E386ED4E5B0F /* PipelineEditorView.swift */ = {isa = PBXFileReference; lastKnownFileType = sourcecode.swift; path = PipelineEditorView.swift; sourceTree = "<group>"; };
		77913F0D6640FDAFBAC33005 /* PipelineGraphModel.swift */ = {isa = PBXFileReference; lastKnownFileType = sourcecode.swift; path = PipelineGraphModel.swift; sourceTree = "<group>"; };
		014AA9CA46D73C784A08EBD7 /* PipelineListView.swift */ = {isa = PBXFileReference; lastKnownFileType = sourcecode.swift; path = PipelineListView.swift; sourceTree = "<group>"; };
		3C8F1FAF56935F1FA8FF8A5D /* YAMLBridge.swift */ = {isa = PBXFileReference; lastKnownFileType = sourcecode.swift; path = YAMLBridge.swift; sourceTree = "<group>"; };
		7CA62B3BFF34E28A47A07C4F /* CronEditView.swift */ = {isa = PBXFileReference; lastKnownFileType = sourcecode.swift; path = CronEditView.swift; sourceTree = "<group>"; };
		3D08CB3290131889AAC0F0E8 /* CronListView.swift */ = {isa = PBXFileReference; lastKnownFileType = sourcecode.swift; path = CronListView.swift; sourceTree = "<group>"; };
		5F765B20DB5CA7F98606F41E /* SkillsView.swift */ = {isa = PBXFileReference; lastKnownFileType = sourcecode.swift; path = SkillsView.swift; sourceTree = "<group>"; };
		1557E9C0F2439777FC634982 /* ExecutionHistoryView.swift */ = {isa = PBXFileReference; lastKnownFileType = sourcecode.swift; path = ExecutionHistoryView.swift; sourceTree = "<group>"; };
		9D7124235066B6F7D5FD83CC /* ExecutionLogView.swift */ = {isa = PBXFileReference; lastKnownFileType = sourcecode.swift; path = ExecutionLogView.swift; sourceTree = "<group>"; };
/* End PBXFileReference section */

/* Begin PBXGroup section */
		F001000000000000000000A0 /* SmartCrab */ = {
			isa = PBXGroup;
			children = (
				F001000000000000000000A1 /* apps */,
				F001000000000000000000F0 /* Products */,
			);
			sourceTree = "<group>";
		};
		F001000000000000000000A1 /* apps */ = {
			isa = PBXGroup;
			children = (
				F001000000000000000000A2 /* macos */,
			);
			name = apps;
			path = ..;
			sourceTree = "<group>";
		};
		F001000000000000000000A2 /* macos */ = {
			isa = PBXGroup;
			children = (
				F001000000000000000000A3 /* SmartCrab */,
				F001000000000000000000A4 /* Sources */,
				F001000000000000000000A5 /* Resources */,
			);
			path = macos;
			sourceTree = "<group>";
		};
		F001000000000000000000A3 /* SmartCrab */ = {
			isa = PBXGroup;
			children = (
				B001000000000000000000A9 /* Info.plist */,
				B001000000000000000000AA /* SmartCrab.entitlements */,
				B001000000000000000000AB /* Preview-Info.plist */,
				B001000000000000000000AC /* Preview.entitlements */,
				B001000000000000000000A7 /* Assets.xcassets */,
			);
			path = SmartCrab;
			sourceTree = "<group>";
		};
		F001000000000000000000A4 /* Sources */ = {
			isa = PBXGroup;
			children = (
				F001000000000000000000B1 /* Core */,
				F001000000000000000000B2 /* Services */,
				B001000000000000000000C1 /* Chat */,
				B001000000000000000000C2 /* Settings */,
				B001000000000000000000C3 /* Pipelines */,
				B001000000000000000000C4 /* Cron */,
				B001000000000000000000C5 /* Skills */,
				B001000000000000000000C6 /* History */,
			);
			path = Sources;
			sourceTree = "<group>";
		};
		F001000000000000000000A5 /* Resources */ = {
			isa = PBXGroup;
			children = (
				B001000000000000000000A8 /* smartcrab-service */,
			);
			path = Resources;
			sourceTree = "<group>";
		};
		F001000000000000000000B1 /* Core */ = {
			isa = PBXGroup;
			children = (
				B001000000000000000000A1 /* SmartCrabApp.swift */,
				B001000000000000000000A2 /* AppRoot.swift */,
				F001000000000000000000B3 /* Generated */,
			);
			path = Core;
			sourceTree = "<group>";
		};
		F001000000000000000000B2 /* Services */ = {
			isa = PBXGroup;
			children = (
				B001000000000000000000A4 /* BunServiceProtocol.swift */,
				B001000000000000000000A5 /* BunServiceMacOS.swift */,
				B001000000000000000000A6 /* BunServiceMock.swift */,
				B001000000000000000000AD /* KeychainStore.swift */,
			);
			path = Services;
			sourceTree = "<group>";
		};
		F001000000000000000000B3 /* Generated */ = {
			isa = PBXGroup;
			children = (
				B001000000000000000000A3 /* RPCTypes.swift */,
			);
			path = Generated;
			sourceTree = "<group>";
		};
		F001000000000000000000F0 /* Products */ = {
			isa = PBXGroup;
			children = (
				E001000000000000000000A1 /* SmartCrab.app */,
				E001000000000000000000A2 /* SmartCrabPreview.app */,
			);
			name = Products;
			sourceTree = "<group>";
		};
		B001000000000000000000C1 /* Chat */ = {
			isa = PBXGroup;
			children = (
				00D4C2CA2D3D5B75C369E131 /* ChatBubbleRow.swift */,
				95C3502A82A1D41C65C8D7B3 /* ChatComposer.swift */,
				EAB26D8BAA01FBE6FC91E4FC /* ChatView.swift */,
			);
			path = Chat;
			sourceTree = "<group>";
		};
		B001000000000000000000C2 /* Settings */ = {
			isa = PBXGroup;
			children = (
				A9232435CD366F4DEED049AB /* AdapterSettings.swift */,
				628A33F36716E3360006808C /* SeherConfigEditor.swift */,
				4CA7130C2605DFC6A7EF260D /* SettingsView.swift */,
			);
			path = Settings;
			sourceTree = "<group>";
		};
		B001000000000000000000C3 /* Pipelines */ = {
			isa = PBXGroup;
			children = (
				AAA180D2A8D18BF2C0BD2CB2 /* EdgeShape.swift */,
				69FF220B4BFC3F8A29D5644F /* NodeView.swift */,
				92521E7A43A0E386ED4E5B0F /* PipelineEditorView.swift */,
				77913F0D6640FDAFBAC33005 /* PipelineGraphModel.swift */,
				014AA9CA46D73C784A08EBD7 /* PipelineListView.swift */,
				3C8F1FAF56935F1FA8FF8A5D /* YAMLBridge.swift */,
			);
			path = Pipelines;
			sourceTree = "<group>";
		};
		B001000000000000000000C4 /* Cron */ = {
			isa = PBXGroup;
			children = (
				7CA62B3BFF34E28A47A07C4F /* CronEditView.swift */,
				3D08CB3290131889AAC0F0E8 /* CronListView.swift */,
			);
			path = Cron;
			sourceTree = "<group>";
		};
		B001000000000000000000C5 /* Skills */ = {
			isa = PBXGroup;
			children = (
				5F765B20DB5CA7F98606F41E /* SkillsView.swift */,
			);
			path = Skills;
			sourceTree = "<group>";
		};
		B001000000000000000000C6 /* History */ = {
			isa = PBXGroup;
			children = (
				1557E9C0F2439777FC634982 /* ExecutionHistoryView.swift */,
				9D7124235066B6F7D5FD83CC /* ExecutionLogView.swift */,
			);
			path = History;
			sourceTree = "<group>";
		};
/* End PBXGroup section */

/* Begin PBXSourcesBuildPhase section */
		C001000000000000000000A1 /* Sources */ = {
			isa = PBXSourcesBuildPhase;
			buildActionMask = 2147483647;
			files = (
				A001000000000000000000A1 /* SmartCrabApp.swift in Sources */,
				A001000000000000000000A2 /* AppRoot.swift in Sources */,
				A001000000000000000000A3 /* RPCTypes.swift in Sources */,
				A001000000000000000000A4 /* BunServiceProtocol.swift in Sources */,
				A001000000000000000000A5 /* BunServiceMacOS.swift in Sources */,
				A001000000000000000000A6 /* BunServiceMock.swift in Sources */,
				A001000000000000000000AD /* KeychainStore.swift in Sources */,
				880FF8FFF954727BA59E3F7C /* ChatBubbleRow.swift in Sources */,
				4518F522269DA11BB9ACEBD6 /* ChatComposer.swift in Sources */,
				0D56FC0661BF25DC69D6C32B /* ChatView.swift in Sources */,
				E7242A9E2F6E280399402514 /* AdapterSettings.swift in Sources */,
				76AF64080A5CA55D05C3211D /* SeherConfigEditor.swift in Sources */,
				2D7A767A28FF7A7F0EF8A168 /* SettingsView.swift in Sources */,
				F85189E0342274F66D075679 /* EdgeShape.swift in Sources */,
				2D53007C3CBD8FA05947F981 /* NodeView.swift in Sources */,
				3F47BA54D5BB9807509E3438 /* PipelineEditorView.swift in Sources */,
				A686CAC3A98562C295D9EF28 /* PipelineGraphModel.swift in Sources */,
				214D14AD917B12B2815643B5 /* PipelineListView.swift in Sources */,
				3968A27223BA298386D23A70 /* YAMLBridge.swift in Sources */,
				6C541B7433B25626F7E1AF41 /* CronEditView.swift in Sources */,
				32CE944E643AEDD878A50312 /* CronListView.swift in Sources */,
				EC95BC334E7020D004126168 /* SkillsView.swift in Sources */,
				5C5244A04EC4D635D29A319D /* ExecutionHistoryView.swift in Sources */,
				34C591AF84AA3749602251C2 /* ExecutionLogView.swift in Sources */,
			);
			runOnlyForDeploymentPostprocessing = 0;
		};
		C001000000000000000000B1 /* Sources */ = {
			isa = PBXSourcesBuildPhase;
			buildActionMask = 2147483647;
			files = (
				A001000000000000000000B1 /* SmartCrabApp.swift in Sources */,
				A001000000000000000000B2 /* AppRoot.swift in Sources */,
				A001000000000000000000B3 /* RPCTypes.swift in Sources */,
				A001000000000000000000B4 /* BunServiceProtocol.swift in Sources */,
				A001000000000000000000B5 /* BunServiceMacOS.swift in Sources */,
				A001000000000000000000B6 /* BunServiceMock.swift in Sources */,
				A001000000000000000000BD /* KeychainStore.swift in Sources */,
				65E65DD7657E483F9CE23049 /* ChatBubbleRow.swift in Sources */,
				F4EA1587A3E1E12617264A24 /* ChatComposer.swift in Sources */,
				C85DAB5003C707B552B3B3EF /* ChatView.swift in Sources */,
				819EBEB32596E9D4A26C1839 /* AdapterSettings.swift in Sources */,
				2462B30858F18D79F2C34386 /* SeherConfigEditor.swift in Sources */,
				58602C0C51859DF7DA1AAC42 /* SettingsView.swift in Sources */,
				CD2A78E0F922845A2F4C5574 /* EdgeShape.swift in Sources */,
				E8BD0C3774FF2D6A4CE88ACC /* NodeView.swift in Sources */,
				98D93A753DBF5C114579C170 /* PipelineEditorView.swift in Sources */,
				A5EF8FF9F0845E93D1DAE64C /* PipelineGraphModel.swift in Sources */,
				D7C63EAEBFC38110ECF74364 /* PipelineListView.swift in Sources */,
				E7988210D8C109545ED3389B /* YAMLBridge.swift in Sources */,
				BDDC004869A7A6D81D997064 /* CronEditView.swift in Sources */,
				25F6E2DF372BDBB0D5417892 /* CronListView.swift in Sources */,
				B0B931C7291E83A64E4F2A46 /* SkillsView.swift in Sources */,
				6E86DFDDC704F5A830A2434C /* ExecutionHistoryView.swift in Sources */,
				A84C11CC29FFB5EF8C10CFF3 /* ExecutionLogView.swift in Sources */,
			);
			runOnlyForDeploymentPostprocessing = 0;
		};
/* End PBXSourcesBuildPhase section */

/* Begin PBXResourcesBuildPhase section */
		C001000000000000000000A2 /* Resources */ = {
			isa = PBXResourcesBuildPhase;
			buildActionMask = 2147483647;
			files = (
				A001000000000000000000A7 /* Assets.xcassets in Resources */,
				A001000000000000000000A8 /* smartcrab-service in Resources */,
			);
			runOnlyForDeploymentPostprocessing = 0;
		};
		C001000000000000000000B2 /* Resources */ = {
			isa = PBXResourcesBuildPhase;
			buildActionMask = 2147483647;
			files = (
				A001000000000000000000B7 /* Assets.xcassets in Resources */,
			);
			runOnlyForDeploymentPostprocessing = 0;
		};
/* End PBXResourcesBuildPhase section */

/* Begin PBXNativeTarget section */
		D001000000000000000000A1 /* SmartCrabMac */ = {
			isa = PBXNativeTarget;
			buildConfigurationList = G001000000000000000000A1 /* Build configuration list for PBXNativeTarget "SmartCrabMac" */;
			buildPhases = (
				C001000000000000000000A1 /* Sources */,
				C001000000000000000000A2 /* Resources */,
			);
			buildRules = (
			);
			dependencies = (
			);
			name = SmartCrabMac;
			productName = SmartCrab;
			productReference = E001000000000000000000A1 /* SmartCrab.app */;
			productType = "com.apple.product-type.application";
		};
		D001000000000000000000A2 /* SmartCrabPreview */ = {
			isa = PBXNativeTarget;
			buildConfigurationList = G001000000000000000000A2 /* Build configuration list for PBXNativeTarget "SmartCrabPreview" */;
			buildPhases = (
				C001000000000000000000B1 /* Sources */,
				C001000000000000000000B2 /* Resources */,
			);
			buildRules = (
			);
			dependencies = (
			);
			name = SmartCrabPreview;
			productName = SmartCrabPreview;
			productReference = E001000000000000000000A2 /* SmartCrabPreview.app */;
			productType = "com.apple.product-type.application";
		};
/* End PBXNativeTarget section */

/* Begin PBXProject section */
		H001000000000000000000A1 /* Project object */ = {
			isa = PBXProject;
			attributes = {
				BuildIndependentTargetsInParallel = YES;
				LastSwiftUpdateCheck = 1500;
				LastUpgradeCheck = 1500;
				TargetAttributes = {
					D001000000000000000000A1 = {
						CreatedOnToolsVersion = 15.0;
					};
					D001000000000000000000A2 = {
						CreatedOnToolsVersion = 15.0;
					};
				};
			};
			buildConfigurationList = G001000000000000000000A0 /* Build configuration list for PBXProject "SmartCrab" */;
			compatibilityVersion = "Xcode 14.0";
			developmentRegion = en;
			hasScannedForEncodings = 0;
			knownRegions = (
				en,
				Base,
			);
			mainGroup = F001000000000000000000A0;
			productRefGroup = F001000000000000000000F0 /* Products */;
			projectDirPath = "";
			projectRoot = "";
			targets = (
				D001000000000000000000A1 /* SmartCrabMac */,
				D001000000000000000000A2 /* SmartCrabPreview */,
			);
		};
/* End PBXProject section */

/* Begin XCBuildConfiguration section */
		I001000000000000000000A1 /* Debug */ = {
			isa = XCBuildConfiguration;
			buildSettings = {
				ALWAYS_SEARCH_USER_PATHS = NO;
				CLANG_ANALYZER_NONNULL = YES;
				CLANG_ANALYZER_NUMBER_OBJECT_CONVERSION = YES_AGGRESSIVE;
				CLANG_CXX_LANGUAGE_STANDARD = "gnu++20";
				CLANG_ENABLE_MODULES = YES;
				CLANG_ENABLE_OBJC_ARC = YES;
				CLANG_ENABLE_OBJC_WEAK = YES;
				COPY_PHASE_STRIP = NO;
				DEBUG_INFORMATION_FORMAT = dwarf;
				ENABLE_STRICT_OBJC_MSGSEND = YES;
				ENABLE_TESTABILITY = YES;
				GCC_C_LANGUAGE_STANDARD = gnu11;
				GCC_DYNAMIC_NO_PIC = NO;
				GCC_NO_COMMON_BLOCKS = YES;
				GCC_OPTIMIZATION_LEVEL = 0;
				GCC_PREPROCESSOR_DEFINITIONS = (
					"DEBUG=1",
					"$(inherited)",
				);
				ONLY_ACTIVE_ARCH = YES;
				SWIFT_ACTIVE_COMPILATION_CONDITIONS = DEBUG;
				SWIFT_OPTIMIZATION_LEVEL = "-Onone";
			};
			name = Debug;
		};
		I001000000000000000000A2 /* Release */ = {
			isa = XCBuildConfiguration;
			buildSettings = {
				ALWAYS_SEARCH_USER_PATHS = NO;
				CLANG_ANALYZER_NONNULL = YES;
				CLANG_ANALYZER_NUMBER_OBJECT_CONVERSION = YES_AGGRESSIVE;
				CLANG_CXX_LANGUAGE_STANDARD = "gnu++20";
				CLANG_ENABLE_MODULES = YES;
				CLANG_ENABLE_OBJC_ARC = YES;
				CLANG_ENABLE_OBJC_WEAK = YES;
				COPY_PHASE_STRIP = NO;
				DEBUG_INFORMATION_FORMAT = "dwarf-with-dsym";
				ENABLE_NS_ASSERTIONS = NO;
				ENABLE_STRICT_OBJC_MSGSEND = YES;
				GCC_C_LANGUAGE_STANDARD = gnu11;
				GCC_NO_COMMON_BLOCKS = YES;
				SWIFT_COMPILATION_MODE = wholemodule;
				SWIFT_OPTIMIZATION_LEVEL = "-O";
			};
			name = Release;
		};
		I001000000000000000000B1 /* Debug */ = {
			isa = XCBuildConfiguration;
			buildSettings = {
				ASSETCATALOG_COMPILER_APPICON_NAME = AppIcon;
				CODE_SIGN_ENTITLEMENTS = SmartCrab/SmartCrab.entitlements;
				CODE_SIGN_STYLE = Automatic;
				CODE_SIGN_IDENTITY = "-";
				COMBINE_HIDPI_IMAGES = YES;
				CURRENT_PROJECT_VERSION = 1;
				ENABLE_HARDENED_RUNTIME = YES;
				GENERATE_INFOPLIST_FILE = NO;
				INFOPLIST_FILE = SmartCrab/Info.plist;
				LD_RUNPATH_SEARCH_PATHS = (
					"$(inherited)",
					"@executable_path/../Frameworks",
				);
				MACOSX_DEPLOYMENT_TARGET = 14.0;
				MARKETING_VERSION = 0.2.0;
				PRODUCT_BUNDLE_IDENTIFIER = ai.smartcrab.app;
				PRODUCT_NAME = SmartCrab;
				SDKROOT = macosx;
				SUPPORTED_PLATFORMS = macosx;
				SUPPORTS_MACCATALYST = NO;
				SWIFT_EMIT_LOC_STRINGS = YES;
				SWIFT_VERSION = 5.0;
			};
			name = Debug;
		};
		I001000000000000000000B2 /* Release */ = {
			isa = XCBuildConfiguration;
			buildSettings = {
				ASSETCATALOG_COMPILER_APPICON_NAME = AppIcon;
				CODE_SIGN_ENTITLEMENTS = SmartCrab/SmartCrab.entitlements;
				CODE_SIGN_STYLE = Automatic;
				CODE_SIGN_IDENTITY = "-";
				COMBINE_HIDPI_IMAGES = YES;
				CURRENT_PROJECT_VERSION = 1;
				ENABLE_HARDENED_RUNTIME = YES;
				GENERATE_INFOPLIST_FILE = NO;
				INFOPLIST_FILE = SmartCrab/Info.plist;
				LD_RUNPATH_SEARCH_PATHS = (
					"$(inherited)",
					"@executable_path/../Frameworks",
				);
				MACOSX_DEPLOYMENT_TARGET = 14.0;
				MARKETING_VERSION = 0.2.0;
				PRODUCT_BUNDLE_IDENTIFIER = ai.smartcrab.app;
				PRODUCT_NAME = SmartCrab;
				SDKROOT = macosx;
				SUPPORTED_PLATFORMS = macosx;
				SUPPORTS_MACCATALYST = NO;
				SWIFT_EMIT_LOC_STRINGS = YES;
				SWIFT_VERSION = 5.0;
			};
			name = Release;
		};
		I001000000000000000000C1 /* Debug */ = {
			isa = XCBuildConfiguration;
			buildSettings = {
				CODE_SIGN_ENTITLEMENTS = SmartCrab/Preview.entitlements;
				CODE_SIGN_STYLE = Automatic;
				CODE_SIGNING_ALLOWED = NO;
				CURRENT_PROJECT_VERSION = 1;
				GENERATE_INFOPLIST_FILE = NO;
				INFOPLIST_FILE = SmartCrab/Preview-Info.plist;
				IPHONEOS_DEPLOYMENT_TARGET = 17.0;
				LD_RUNPATH_SEARCH_PATHS = (
					"$(inherited)",
					"@executable_path/Frameworks",
				);
				MARKETING_VERSION = 0.2.0;
				PRODUCT_BUNDLE_IDENTIFIER = ai.smartcrab.preview;
				PRODUCT_NAME = SmartCrabPreview;
				SDKROOT = iphoneos;
				SUPPORTED_PLATFORMS = "iphoneos iphonesimulator";
				SUPPORTS_MACCATALYST = NO;
				ONLY_ACTIVE_ARCH = YES;
				TARGETED_DEVICE_FAMILY = "1,2";
				SWIFT_EMIT_LOC_STRINGS = YES;
				SWIFT_VERSION = 5.0;
			};
			name = Debug;
		};
		I001000000000000000000C2 /* Release */ = {
			isa = XCBuildConfiguration;
			buildSettings = {
				CODE_SIGN_ENTITLEMENTS = SmartCrab/Preview.entitlements;
				CODE_SIGN_STYLE = Automatic;
				CODE_SIGNING_ALLOWED = NO;
				CURRENT_PROJECT_VERSION = 1;
				GENERATE_INFOPLIST_FILE = NO;
				INFOPLIST_FILE = SmartCrab/Preview-Info.plist;
				IPHONEOS_DEPLOYMENT_TARGET = 17.0;
				LD_RUNPATH_SEARCH_PATHS = (
					"$(inherited)",
					"@executable_path/Frameworks",
				);
				MARKETING_VERSION = 0.2.0;
				PRODUCT_BUNDLE_IDENTIFIER = ai.smartcrab.preview;
				PRODUCT_NAME = SmartCrabPreview;
				SDKROOT = iphoneos;
				SUPPORTED_PLATFORMS = "iphoneos iphonesimulator";
				SUPPORTS_MACCATALYST = NO;
				ONLY_ACTIVE_ARCH = YES;
				TARGETED_DEVICE_FAMILY = "1,2";
				SWIFT_EMIT_LOC_STRINGS = YES;
				SWIFT_VERSION = 5.0;
			};
			name = Release;
		};
/* End XCBuildConfiguration section */

/* Begin XCConfigurationList section */
		G001000000000000000000A0 /* Build configuration list for PBXProject "SmartCrab" */ = {
			isa = XCConfigurationList;
			buildConfigurations = (
				I001000000000000000000A1 /* Debug */,
				I001000000000000000000A2 /* Release */,
			);
			defaultConfigurationIsVisible = 0;
			defaultConfigurationName = Release;
		};
		G001000000000000000000A1 /* Build configuration list for PBXNativeTarget "SmartCrabMac" */ = {
			isa = XCConfigurationList;
			buildConfigurations = (
				I001000000000000000000B1 /* Debug */,
				I001000000000000000000B2 /* Release */,
			);
			defaultConfigurationIsVisible = 0;
			defaultConfigurationName = Release;
		};
		G001000000000000000000A2 /* Build configuration list for PBXNativeTarget "SmartCrabPreview" */ = {
			isa = XCConfigurationList;
			buildConfigurations = (
				I001000000000000000000C1 /* Debug */,
				I001000000000000000000C2 /* Release */,
			);
			defaultConfigurationIsVisible = 0;
			defaultConfigurationName = Release;
		};
/* End XCConfigurationList section */
	};
	rootObject = H001000000000000000000A1 /* Project object */;
}
